Microsoft Visual Studio Solution File, Format Version 12.00
# Visual Studio Version 17
VisualStudioVersion = 17.5.33516.290
MinimumVisualStudioVersion = 10.0.40219.1
Project("{9A19103F-16F7-4668-BE54-9A1E7A4F7556}") = "robocopy-gui", "robocopy-gui.csproj", "{A9E92172-C7C0-40B1-823C-02972BEE9053}"
EndProject
Global
	GlobalSection(SolutionConfigurationPlatforms) = preSolution
		Debug|Any CPU = Debug|Any CPU
		Debug|x64 = Debug|x64
		Release|Any CPU = Release|Any CPU
		Release|x64 = Release|x64
	EndGlobalSection
	GlobalSection(ProjectConfigurationPlatforms) = postSolution
		{A9E92172-C7C0-40B1-823C-02972BEE9053}.Debug|Any CPU.ActiveCfg = Debug|Any CPU
		{A9E92172-C7C0-40B1-823C-02972BEE9053}.Debug|Any CPU.Build.0 = Debug|Any CPU
		{A9E92172-C7C0-40B1-823C-02972BEE9053}.Debug|x64.ActiveCfg = Debug|x64
		{A9E92172-C7C0-40B1-823C-02972BEE9053}.Debug|x64.Build.0 = Debug|x64
		{A9E92172-C7C0-40B1-823C-02972BEE9053}.Release|Any CPU.ActiveCfg = Release|Any CPU
		{A9E92172-C7C0-40B1-823C-02972BEE9053}.Release|Any CPU.Build.0 = Release|Any CPU
		{A9E92172-C7C0-40B1-823C-02972BEE9053}.Release|x64.ActiveCfg = Release|x64
		{A9E92172-C7C0-40B1-823C-02972BEE9053}.Release|x64.Build.0 = Release|x64
	EndGlobalSection
	GlobalSection(SolutionProperties) = preSolution
		HideSolutionNode = FALSE
	EndGlobalSection
	GlobalSection(ExtensibilityGlobals) = postSolution
		SolutionGuid = {2EC09D56-F89B-47B0-8162-FAE7CAC04727}
	EndGlobalSection
EndGlobal
