
Microsoft Visual Studio Solution File, Format Version 12.00
# Visual Studio Version 17
VisualStudioVersion = 17.5.33516.290
MinimumVisualStudioVersion = 10.0.40219.1
Project("{9A19103F-16F7-4668-BE54-9A1E7A4F7556}") = "robocopy-gui", "robocopy-gui.csproj", "{16648788-CDD9-4B3E-A2B9-90CCBBD4D977}"
EndProject
Global
	GlobalSection(SolutionConfigurationPlatforms) = preSolution
		Debug|Any CPU = Debug|Any CPU
		Release|Any CPU = Release|Any CPU
	EndGlobalSection
	GlobalSection(ProjectConfigurationPlatforms) = postSolution
		{16648788-CDD9-4B3E-A2B9-90CCBBD4D977}.Debug|Any CPU.ActiveCfg = Debug|Any CPU
		{16648788-CDD9-4B3E-A2B9-90CCBBD4D977}.Debug|Any CPU.Build.0 = Debug|Any CPU
		{16648788-CDD9-4B3E-A2B9-90CCBBD4D977}.Release|Any CPU.ActiveCfg = Release|Any CPU
		{16648788-CDD9-4B3E-A2B9-90CCBBD4D977}.Release|Any CPU.Build.0 = Release|Any CPU
	EndGlobalSection
	GlobalSection(SolutionProperties) = preSolution
		HideSolutionNode = FALSE
	EndGlobalSection
	GlobalSection(ExtensibilityGlobals) = postSolution
		SolutionGuid = {53EDED3D-CFF1-447B-A542-FBFE771656F7}
	EndGlobalSection
EndGlobal
